// !$*UTF8*$!
{
	archiveVersion = 1;
	classes = {
	};
	objectVersion = 48;
	objects = {

/* Begin PBXBuildFile section */
		1117D9F2EB2E452D495100B8 /* Pods_Popcorn.framework in Frameworks */ = {isa = PBXBuildFile; fileRef = 8817C72FC35999F21CAB412C /* Pods_Popcorn.framework */; };
		9446DF9A206CCDF3009CBE8C /* AppDelegate.swift in Sources */ = {isa = PBXBuildFile; fileRef = 9446DF99206CCDF3009CBE8C /* AppDelegate.swift */; };
		9446DFA1206CCDF3009CBE8C /* Assets.xcassets in Resources */ = {isa = PBXBuildFile; fileRef = 9446DFA0206CCDF3009CBE8C /* Assets.xcassets */; };
		9446DFAF206CCDF3009CBE8C /* PopcornTests.swift in Sources */ = {isa = PBXBuildFile; fileRef = 9446DFAE206CCDF3009CBE8C /* PopcornTests.swift */; };
		946AFC80206CDD2B00AE05B7 /* Movie.swift in Sources */ = {isa = PBXBuildFile; fileRef = 946AFC7F206CDD2B00AE05B7 /* Movie.swift */; };
		946AFC83206CDD9800AE05B7 /* Codable+Utils.swift in Sources */ = {isa = PBXBuildFile; fileRef = 946AFC82206CDD9800AE05B7 /* Codable+Utils.swift */; };
		946AFC85206D1DFD00AE05B7 /* DomainURLs.swift in Sources */ = {isa = PBXBuildFile; fileRef = 946AFC84206D1DFD00AE05B7 /* DomainURLs.swift */; };
		946AFC88206D1F2800AE05B7 /* Constants.swift in Sources */ = {isa = PBXBuildFile; fileRef = 946AFC87206D1F2800AE05B7 /* Constants.swift */; };
		946AFC8B206D1F7200AE05B7 /* Launch Screen.storyboard in Resources */ = {isa = PBXBuildFile; fileRef = 946AFC8A206D1F7200AE05B7 /* Launch Screen.storyboard */; };
		946AFC8D206D22EF00AE05B7 /* Networking+Extensions.swift in Sources */ = {isa = PBXBuildFile; fileRef = 946AFC8C206D22EF00AE05B7 /* Networking+Extensions.swift */; };
		946AFC8F206D235300AE05B7 /* PopcornApi.swift in Sources */ = {isa = PBXBuildFile; fileRef = 946AFC8E206D235300AE05B7 /* PopcornApi.swift */; };
		946AFC9E206D6C9F00AE05B7 /* SearchMoviesPresenter.swift in Sources */ = {isa = PBXBuildFile; fileRef = 946AFC98206D6C9F00AE05B7 /* SearchMoviesPresenter.swift */; };
		946AFC9F206D6C9F00AE05B7 /* SearchMoviesWorker.swift in Sources */ = {isa = PBXBuildFile; fileRef = 946AFC99206D6C9F00AE05B7 /* SearchMoviesWorker.swift */; };
		946AFCA0206D6C9F00AE05B7 /* SearchMoviesRouter.swift in Sources */ = {isa = PBXBuildFile; fileRef = 946AFC9A206D6C9F00AE05B7 /* SearchMoviesRouter.swift */; };
		946AFCA1206D6C9F00AE05B7 /* SearchMoviesModels.swift in Sources */ = {isa = PBXBuildFile; fileRef = 946AFC9B206D6C9F00AE05B7 /* SearchMoviesModels.swift */; };
		946AFCA2206D6C9F00AE05B7 /* SearchMoviesViewController.swift in Sources */ = {isa = PBXBuildFile; fileRef = 946AFC9C206D6C9F00AE05B7 /* SearchMoviesViewController.swift */; };
		946AFCA3206D6C9F00AE05B7 /* SearchMoviesInteractor.swift in Sources */ = {isa = PBXBuildFile; fileRef = 946AFC9D206D6C9F00AE05B7 /* SearchMoviesInteractor.swift */; };
		9490535B206ECE990003E216 /* PageMovies.swift in Sources */ = {isa = PBXBuildFile; fileRef = 9490535A206ECE990003E216 /* PageMovies.swift */; };
		9490535D206ED3040003E216 /* ASDisplayNode+Extensions.swift in Sources */ = {isa = PBXBuildFile; fileRef = 9490535C206ED3040003E216 /* ASDisplayNode+Extensions.swift */; };
		9490535F206ED9BD0003E216 /* LoadingCell.swift in Sources */ = {isa = PBXBuildFile; fileRef = 9490535E206ED9BD0003E216 /* LoadingCell.swift */; };
		9490536E206F60F20003E216 /* UIView+FrameHelper.swift in Sources */ = {isa = PBXBuildFile; fileRef = 9490536D206F60F20003E216 /* UIView+FrameHelper.swift */; };
		94BAC446206E52E600AD5303 /* MovieNode.swift in Sources */ = {isa = PBXBuildFile; fileRef = 94BAC445206E52E600AD5303 /* MovieNode.swift */; };
		94BAC44A206E62E600AD5303 /* HANetworkImageNode.swift in Sources */ = {isa = PBXBuildFile; fileRef = 94BAC449206E62E600AD5303 /* HANetworkImageNode.swift */; };
		94BAC44D206E681000AD5303 /* ColorPalette.swift in Sources */ = {isa = PBXBuildFile; fileRef = 94BAC44C206E681000AD5303 /* ColorPalette.swift */; };
		94BAC450206E69E700AD5303 /* PosterNode.swift in Sources */ = {isa = PBXBuildFile; fileRef = 94BAC44F206E69E700AD5303 /* PosterNode.swift */; };
		94BAC452206EBB0A00AD5303 /* UtilityExtensions.swift in Sources */ = {isa = PBXBuildFile; fileRef = 94BAC451206EBB0A00AD5303 /* UtilityExtensions.swift */; };
		94DF9994206F806800611294 /* UIImage+Extensions.swift in Sources */ = {isa = PBXBuildFile; fileRef = 94DF9993206F806800611294 /* UIImage+Extensions.swift */; };
/* End PBXBuildFile section */

/* Begin PBXContainerItemProxy section */
		9446DFAB206CCDF3009CBE8C /* PBXContainerItemProxy */ = {
			isa = PBXContainerItemProxy;
			containerPortal = 9446DF8E206CCDF3009CBE8C /* Project object */;
			proxyType = 1;
			remoteGlobalIDString = 9446DF95206CCDF3009CBE8C;
			remoteInfo = Popcorn;
		};
/* End PBXContainerItemProxy section */

/* Begin PBXFileReference section */
		79F3E1FDF29369A65D800DD2 /* Pods-Popcorn.debug.xcconfig */ = {isa = PBXFileReference; includeInIndex = 1; lastKnownFileType = text.xcconfig; name = "Pods-Popcorn.debug.xcconfig"; path = "Pods/Target Support Files/Pods-Popcorn/Pods-Popcorn.debug.xcconfig"; sourceTree = "<group>"; };
		8817C72FC35999F21CAB412C /* Pods_Popcorn.framework */ = {isa = PBXFileReference; explicitFileType = wrapper.framework; includeInIndex = 0; path = Pods_Popcorn.framework; sourceTree = BUILT_PRODUCTS_DIR; };
		9446DF96206CCDF3009CBE8C /* Popcorn.app */ = {isa = PBXFileReference; explicitFileType = wrapper.application; includeInIndex = 0; path = Popcorn.app; sourceTree = BUILT_PRODUCTS_DIR; };
		9446DF99206CCDF3009CBE8C /* AppDelegate.swift */ = {isa = PBXFileReference; lastKnownFileType = sourcecode.swift; path = AppDelegate.swift; sourceTree = "<group>"; };
		9446DFA0206CCDF3009CBE8C /* Assets.xcassets */ = {isa = PBXFileReference; lastKnownFileType = folder.assetcatalog; path = Assets.xcassets; sourceTree = "<group>"; };
		9446DFA5206CCDF3009CBE8C /* Info.plist */ = {isa = PBXFileReference; lastKnownFileType = text.plist.xml; path = Info.plist; sourceTree = "<group>"; };
		9446DFAA206CCDF3009CBE8C /* PopcornTests.xctest */ = {isa = PBXFileReference; explicitFileType = wrapper.cfbundle; includeInIndex = 0; path = PopcornTests.xctest; sourceTree = BUILT_PRODUCTS_DIR; };
		9446DFAE206CCDF3009CBE8C /* PopcornTests.swift */ = {isa = PBXFileReference; lastKnownFileType = sourcecode.swift; path = PopcornTests.swift; sourceTree = "<group>"; };
		9446DFB0206CCDF3009CBE8C /* Info.plist */ = {isa = PBXFileReference; lastKnownFileType = text.plist.xml; path = Info.plist; sourceTree = "<group>"; };
		946AFC7F206CDD2B00AE05B7 /* Movie.swift */ = {isa = PBXFileReference; lastKnownFileType = sourcecode.swift; path = Movie.swift; sourceTree = "<group>"; };
		946AFC82206CDD9800AE05B7 /* Codable+Utils.swift */ = {isa = PBXFileReference; fileEncoding = 4; lastKnownFileType = sourcecode.swift; path = "Codable+Utils.swift"; sourceTree = "<group>"; };
		946AFC84206D1DFD00AE05B7 /* DomainURLs.swift */ = {isa = PBXFileReference; lastKnownFileType = sourcecode.swift; path = DomainURLs.swift; sourceTree = "<group>"; };
		946AFC87206D1F2800AE05B7 /* Constants.swift */ = {isa = PBXFileReference; lastKnownFileType = sourcecode.swift; path = Constants.swift; sourceTree = "<group>"; };
		946AFC8A206D1F7200AE05B7 /* Launch Screen.storyboard */ = {isa = PBXFileReference; lastKnownFileType = file.storyboard; path = "Launch Screen.storyboard"; sourceTree = "<group>"; };
		946AFC8C206D22EF00AE05B7 /* Networking+Extensions.swift */ = {isa = PBXFileReference; lastKnownFileType = sourcecode.swift; path = "Networking+Extensions.swift"; sourceTree = "<group>"; };
		946AFC8E206D235300AE05B7 /* PopcornApi.swift */ = {isa = PBXFileReference; lastKnownFileType = sourcecode.swift; path = PopcornApi.swift; sourceTree = "<group>"; };
		946AFC98206D6C9F00AE05B7 /* SearchMoviesPresenter.swift */ = {isa = PBXFileReference; lastKnownFileType = sourcecode.swift; path = SearchMoviesPresenter.swift; sourceTree = "<group>"; };
		946AFC99206D6C9F00AE05B7 /* SearchMoviesWorker.swift */ = {isa = PBXFileReference; lastKnownFileType = sourcecode.swift; path = SearchMoviesWorker.swift; sourceTree = "<group>"; };
		946AFC9A206D6C9F00AE05B7 /* SearchMoviesRouter.swift */ = {isa = PBXFileReference; lastKnownFileType = sourcecode.swift; path = SearchMoviesRouter.swift; sourceTree = "<group>"; };
		946AFC9B206D6C9F00AE05B7 /* SearchMoviesModels.swift */ = {isa = PBXFileReference; lastKnownFileType = sourcecode.swift; path = SearchMoviesModels.swift; sourceTree = "<group>"; };
		946AFC9C206D6C9F00AE05B7 /* SearchMoviesViewController.swift */ = {isa = PBXFileReference; lastKnownFileType = sourcecode.swift; path = SearchMoviesViewController.swift; sourceTree = "<group>"; };
		946AFC9D206D6C9F00AE05B7 /* SearchMoviesInteractor.swift */ = {isa = PBXFileReference; lastKnownFileType = sourcecode.swift; path = SearchMoviesInteractor.swift; sourceTree = "<group>"; };
		9490535A206ECE990003E216 /* PageMovies.swift */ = {isa = PBXFileReference; lastKnownFileType = sourcecode.swift; path = PageMovies.swift; sourceTree = "<group>"; };
		9490535C206ED3040003E216 /* ASDisplayNode+Extensions.swift */ = {isa = PBXFileReference; lastKnownFileType = sourcecode.swift; path = "ASDisplayNode+Extensions.swift"; sourceTree = "<group>"; };
		9490535E206ED9BD0003E216 /* LoadingCell.swift */ = {isa = PBXFileReference; fileEncoding = 4; lastKnownFileType = sourcecode.swift; path = LoadingCell.swift; sourceTree = "<group>"; };
		9490536D206F60F20003E216 /* UIView+FrameHelper.swift */ = {isa = PBXFileReference; fileEncoding = 4; lastKnownFileType = sourcecode.swift; path = "UIView+FrameHelper.swift"; sourceTree = "<group>"; };
		94BAC445206E52E600AD5303 /* MovieNode.swift */ = {isa = PBXFileReference; lastKnownFileType = sourcecode.swift; path = MovieNode.swift; sourceTree = "<group>"; };
		94BAC449206E62E600AD5303 /* HANetworkImageNode.swift */ = {isa = PBXFileReference; fileEncoding = 4; lastKnownFileType = sourcecode.swift; path = HANetworkImageNode.swift; sourceTree = "<group>"; };
		94BAC44C206E681000AD5303 /* ColorPalette.swift */ = {isa = PBXFileReference; lastKnownFileType = sourcecode.swift; path = ColorPalette.swift; sourceTree = "<group>"; };
		94BAC44F206E69E700AD5303 /* PosterNode.swift */ = {isa = PBXFileReference; lastKnownFileType = sourcecode.swift; path = PosterNode.swift; sourceTree = "<group>"; };
		94BAC451206EBB0A00AD5303 /* UtilityExtensions.swift */ = {isa = PBXFileReference; lastKnownFileType = sourcecode.swift; path = UtilityExtensions.swift; sourceTree = "<group>"; };
		94DF9993206F806800611294 /* UIImage+Extensions.swift */ = {isa = PBXFileReference; lastKnownFileType = sourcecode.swift; path = "UIImage+Extensions.swift"; sourceTree = "<group>"; };
		F379C4B241833C8705BEFB98 /* Pods-Popcorn.release.xcconfig */ = {isa = PBXFileReference; includeInIndex = 1; lastKnownFileType = text.xcconfig; name = "Pods-Popcorn.release.xcconfig"; path = "Pods/Target Support Files/Pods-Popcorn/Pods-Popcorn.release.xcconfig"; sourceTree = "<group>"; };
/* End PBXFileReference section */

/* Begin PBXFrameworksBuildPhase section */
		9446DF93206CCDF3009CBE8C /* Frameworks */ = {
			isa = PBXFrameworksBuildPhase;
			buildActionMask = 2147483647;
			files = (
				1117D9F2EB2E452D495100B8 /* Pods_Popcorn.framework in Frameworks */,
			);
			runOnlyForDeploymentPostprocessing = 0;
		};
		9446DFA7206CCDF3009CBE8C /* Frameworks */ = {
			isa = PBXFrameworksBuildPhase;
			buildActionMask = 2147483647;
			files = (
			);
			runOnlyForDeploymentPostprocessing = 0;
		};
/* End PBXFrameworksBuildPhase section */

/* Begin PBXGroup section */
		6006EFA04A02F3F4D60AA164 /* Pods */ = {
			isa = PBXGroup;
			children = (
				79F3E1FDF29369A65D800DD2 /* Pods-Popcorn.debug.xcconfig */,
				F379C4B241833C8705BEFB98 /* Pods-Popcorn.release.xcconfig */,
			);
			name = Pods;
			sourceTree = "<group>";
		};
		9446DF8D206CCDF3009CBE8C = {
			isa = PBXGroup;
			children = (
				9446DF98206CCDF3009CBE8C /* Popcorn */,
				9446DFAD206CCDF3009CBE8C /* PopcornTests */,
				9446DF97206CCDF3009CBE8C /* Products */,
				6006EFA04A02F3F4D60AA164 /* Pods */,
				B2B5484F2C53DA2AA002BD78 /* Frameworks */,
			);
			sourceTree = "<group>";
		};
		9446DF97206CCDF3009CBE8C /* Products */ = {
			isa = PBXGroup;
			children = (
				9446DF96206CCDF3009CBE8C /* Popcorn.app */,
				9446DFAA206CCDF3009CBE8C /* PopcornTests.xctest */,
			);
			name = Products;
			sourceTree = "<group>";
		};
		9446DF98206CCDF3009CBE8C /* Popcorn */ = {
			isa = PBXGroup;
			children = (
				946AFC95206D6BAA00AE05B7 /* Specs */,
				946AFC94206D6B9800AE05B7 /* Source */,
				946AFC89206D1F4600AE05B7 /* Resources */,
			);
			path = Popcorn;
			sourceTree = "<group>";
		};
		9446DFAD206CCDF3009CBE8C /* PopcornTests */ = {
			isa = PBXGroup;
			children = (
				9446DFAE206CCDF3009CBE8C /* PopcornTests.swift */,
				9446DFB0206CCDF3009CBE8C /* Info.plist */,
			);
			path = PopcornTests;
			sourceTree = "<group>";
		};
		946AFC77206CDA9600AE05B7 /* Domain */ = {
			isa = PBXGroup;
			children = (
				946AFC79206CDAC900AE05B7 /* Services */,
				946AFC78206CDAC400AE05B7 /* Model */,
			);
			path = Domain;
			sourceTree = "<group>";
		};
		946AFC78206CDAC400AE05B7 /* Model */ = {
			isa = PBXGroup;
			children = (
				946AFC81206CDD7600AE05B7 /* Protocols */,
				946AFC7F206CDD2B00AE05B7 /* Movie.swift */,
				9490535A206ECE990003E216 /* PageMovies.swift */,
			);
			path = Model;
			sourceTree = "<group>";
		};
		946AFC79206CDAC900AE05B7 /* Services */ = {
			isa = PBXGroup;
			children = (
				946AFC84206D1DFD00AE05B7 /* DomainURLs.swift */,
				946AFC8C206D22EF00AE05B7 /* Networking+Extensions.swift */,
				946AFC8E206D235300AE05B7 /* PopcornApi.swift */,
			);
			path = Services;
			sourceTree = "<group>";
		};
		946AFC81206CDD7600AE05B7 /* Protocols */ = {
			isa = PBXGroup;
			children = (
				946AFC82206CDD9800AE05B7 /* Codable+Utils.swift */,
			);
			path = Protocols;
			sourceTree = "<group>";
		};
		946AFC86206D1F1000AE05B7 /* Helper */ = {
			isa = PBXGroup;
			children = (
				94BAC44E206E682A00AD5303 /* Extensions */,
				946AFC87206D1F2800AE05B7 /* Constants.swift */,
			);
			path = Helper;
			sourceTree = "<group>";
		};
		946AFC89206D1F4600AE05B7 /* Resources */ = {
			isa = PBXGroup;
			children = (
				9446DFA0206CCDF3009CBE8C /* Assets.xcassets */,
				946AFC8A206D1F7200AE05B7 /* Launch Screen.storyboard */,
			);
			path = Resources;
			sourceTree = "<group>";
		};
		946AFC94206D6B9800AE05B7 /* Source */ = {
			isa = PBXGroup;
			children = (
				946AFC77206CDA9600AE05B7 /* Domain */,
				94BAC448206E62C700AD5303 /* Shared */,
				9446DF99206CCDF3009CBE8C /* AppDelegate.swift */,
				946AFC96206D6C5300AE05B7 /* Scenes */,
				946AFC86206D1F1000AE05B7 /* Helper */,
			);
			path = Source;
			sourceTree = "<group>";
		};
		946AFC95206D6BAA00AE05B7 /* Specs */ = {
			isa = PBXGroup;
			children = (
				9446DFA5206CCDF3009CBE8C /* Info.plist */,
			);
			path = Specs;
			sourceTree = "<group>";
		};
		946AFC96206D6C5300AE05B7 /* Scenes */ = {
			isa = PBXGroup;
			children = (
				946AFC97206D6C7200AE05B7 /* SearchMovies */,
			);
			path = Scenes;
			sourceTree = "<group>";
		};
		946AFC97206D6C7200AE05B7 /* SearchMovies */ = {
			isa = PBXGroup;
			children = (
				94BAC444206E4DF500AD5303 /* View */,
				946AFC98206D6C9F00AE05B7 /* SearchMoviesPresenter.swift */,
				946AFC99206D6C9F00AE05B7 /* SearchMoviesWorker.swift */,
				946AFC9A206D6C9F00AE05B7 /* SearchMoviesRouter.swift */,
				946AFC9B206D6C9F00AE05B7 /* SearchMoviesModels.swift */,
				946AFC9C206D6C9F00AE05B7 /* SearchMoviesViewController.swift */,
				946AFC9D206D6C9F00AE05B7 /* SearchMoviesInteractor.swift */,
			);
			path = SearchMovies;
			sourceTree = "<group>";
		};
		94BAC444206E4DF500AD5303 /* View */ = {
			isa = PBXGroup;
			children = (
				94BAC445206E52E600AD5303 /* MovieNode.swift */,
				94BAC44F206E69E700AD5303 /* PosterNode.swift */,
			);
			path = View;
			sourceTree = "<group>";
		};
		94BAC448206E62C700AD5303 /* Shared */ = {
			isa = PBXGroup;
			children = (
				94BAC44B206E62EA00AD5303 /* Nodes */,
			);
			path = Shared;
			sourceTree = "<group>";
		};
		94BAC44B206E62EA00AD5303 /* Nodes */ = {
			isa = PBXGroup;
			children = (
				9490535E206ED9BD0003E216 /* LoadingCell.swift */,
				94BAC449206E62E600AD5303 /* HANetworkImageNode.swift */,
			);
			path = Nodes;
			sourceTree = "<group>";
		};
		94BAC44E206E682A00AD5303 /* Extensions */ = {
			isa = PBXGroup;
			children = (
				94BAC44C206E681000AD5303 /* ColorPalette.swift */,
				9490536D206F60F20003E216 /* UIView+FrameHelper.swift */,
				94BAC451206EBB0A00AD5303 /* UtilityExtensions.swift */,
				94DF9993206F806800611294 /* UIImage+Extensions.swift */,
				9490535C206ED3040003E216 /* ASDisplayNode+Extensions.swift */,
			);
			path = Extensions;
			sourceTree = "<group>";
		};
		B2B5484F2C53DA2AA002BD78 /* Frameworks */ = {
			isa = PBXGroup;
			children = (
				8817C72FC35999F21CAB412C /* Pods_Popcorn.framework */,
			);
			name = Frameworks;
			sourceTree = "<group>";
		};
/* End PBXGroup section */

/* Begin PBXNativeTarget section */
		9446DF95206CCDF3009CBE8C /* Popcorn */ = {
			isa = PBXNativeTarget;
			buildConfigurationList = 9446DFB3206CCDF3009CBE8C /* Build configuration list for PBXNativeTarget "Popcorn" */;
			buildPhases = (
				ABD5D6E24A7E32CA94A55772 /* [CP] Check Pods Manifest.lock */,
				9446DF92206CCDF3009CBE8C /* Sources */,
				9446DF93206CCDF3009CBE8C /* Frameworks */,
				9446DF94206CCDF3009CBE8C /* Resources */,
				F45E5D033BB5F0600CF0A06C /* [CP] Embed Pods Frameworks */,
				D1A6368AECB3F21DE264B426 /* [CP] Copy Pods Resources */,
			);
			buildRules = (
			);
			dependencies = (
			);
			name = Popcorn;
			productName = Popcorn;
			productReference = 9446DF96206CCDF3009CBE8C /* Popcorn.app */;
			productType = "com.apple.product-type.application";
		};
		9446DFA9206CCDF3009CBE8C /* PopcornTests */ = {
			isa = PBXNativeTarget;
			buildConfigurationList = 9446DFB6206CCDF3009CBE8C /* Build configuration list for PBXNativeTarget "PopcornTests" */;
			buildPhases = (
				9446DFA6206CCDF3009CBE8C /* Sources */,
				9446DFA7206CCDF3009CBE8C /* Frameworks */,
				9446DFA8206CCDF3009CBE8C /* Resources */,
			);
			buildRules = (
			);
			dependencies = (
				9446DFAC206CCDF3009CBE8C /* PBXTargetDependency */,
			);
			name = PopcornTests;
			productName = PopcornTests;
			productReference = 9446DFAA206CCDF3009CBE8C /* PopcornTests.xctest */;
			productType = "com.apple.product-type.bundle.unit-test";
		};
/* End PBXNativeTarget section */

/* Begin PBXProject section */
		9446DF8E206CCDF3009CBE8C /* Project object */ = {
			isa = PBXProject;
			attributes = {
				LastSwiftUpdateCheck = 0920;
				LastUpgradeCheck = 0920;
				ORGANIZATIONNAME = "Hashem Aboonajmi";
				TargetAttributes = {
					9446DF95206CCDF3009CBE8C = {
						CreatedOnToolsVersion = 9.2;
						ProvisioningStyle = Automatic;
					};
					9446DFA9206CCDF3009CBE8C = {
						CreatedOnToolsVersion = 9.2;
						ProvisioningStyle = Automatic;
						TestTargetID = 9446DF95206CCDF3009CBE8C;
					};
				};
			};
			buildConfigurationList = 9446DF91206CCDF3009CBE8C /* Build configuration list for PBXProject "Popcorn" */;
			compatibilityVersion = "Xcode 8.0";
			developmentRegion = en;
			hasScannedForEncodings = 0;
			knownRegions = (
				en,
				Base,
			);
			mainGroup = 9446DF8D206CCDF3009CBE8C;
			productRefGroup = 9446DF97206CCDF3009CBE8C /* Products */;
			projectDirPath = "";
			projectRoot = "";
			targets = (
				9446DF95206CCDF3009CBE8C /* Popcorn */,
				9446DFA9206CCDF3009CBE8C /* PopcornTests */,
			);
		};
/* End PBXProject section */

/* Begin PBXResourcesBuildPhase section */
		9446DF94206CCDF3009CBE8C /* Resources */ = {
			isa = PBXResourcesBuildPhase;
			buildActionMask = 2147483647;
			files = (
				946AFC8B206D1F7200AE05B7 /* Launch Screen.storyboard in Resources */,
				9446DFA1206CCDF3009CBE8C /* Assets.xcassets in Resources */,
			);
			runOnlyForDeploymentPostprocessing = 0;
		};
		9446DFA8206CCDF3009CBE8C /* Resources */ = {
			isa = PBXResourcesBuildPhase;
			buildActionMask = 2147483647;
			files = (
			);
			runOnlyForDeploymentPostprocessing = 0;
		};
/* End PBXResourcesBuildPhase section */

/* Begin PBXShellScriptBuildPhase section */
		ABD5D6E24A7E32CA94A55772 /* [CP] Check Pods Manifest.lock */ = {
			isa = PBXShellScriptBuildPhase;
			buildActionMask = 2147483647;
			files = (
			);
			inputPaths = (
				"${PODS_PODFILE_DIR_PATH}/Podfile.lock",
				"${PODS_ROOT}/Manifest.lock",
			);
			name = "[CP] Check Pods Manifest.lock";
			outputPaths = (
				"$(DERIVED_FILE_DIR)/Pods-Popcorn-checkManifestLockResult.txt",
			);
			runOnlyForDeploymentPostprocessing = 0;
			shellPath = /bin/sh;
			shellScript = "diff \"${PODS_PODFILE_DIR_PATH}/Podfile.lock\" \"${PODS_ROOT}/Manifest.lock\" > /dev/null\nif [ $? != 0 ] ; then\n    # print error to STDERR\n    echo \"error: The sandbox is not in sync with the Podfile.lock. Run 'pod install' or update your CocoaPods installation.\" >&2\n    exit 1\nfi\n# This output is used by Xcode 'outputs' to avoid re-running this script phase.\necho \"SUCCESS\" > \"${SCRIPT_OUTPUT_FILE_0}\"\n";
			showEnvVarsInLog = 0;
		};
		D1A6368AECB3F21DE264B426 /* [CP] Copy Pods Resources */ = {
			isa = PBXShellScriptBuildPhase;
			buildActionMask = 2147483647;
			files = (
			);
			inputPaths = (
			);
			name = "[CP] Copy Pods Resources";
			outputPaths = (
			);
			runOnlyForDeploymentPostprocessing = 0;
			shellPath = /bin/sh;
			shellScript = "\"${SRCROOT}/Pods/Target Support Files/Pods-Popcorn/Pods-Popcorn-resources.sh\"\n";
			showEnvVarsInLog = 0;
		};
		F45E5D033BB5F0600CF0A06C /* [CP] Embed Pods Frameworks */ = {
			isa = PBXShellScriptBuildPhase;
			buildActionMask = 2147483647;
			files = (
			);
			inputPaths = (
				"${SRCROOT}/Pods/Target Support Files/Pods-Popcorn/Pods-Popcorn-frameworks.sh",
				"${BUILT_PRODUCTS_DIR}/AsyncSwift/Async.framework",
				"${BUILT_PRODUCTS_DIR}/AttributedLib/AttributedLib.framework",
				"${BUILT_PRODUCTS_DIR}/Networking/Networking.framework",
				"${BUILT_PRODUCTS_DIR}/PINCache/PINCache.framework",
				"${BUILT_PRODUCTS_DIR}/PINOperation/PINOperation.framework",
				"${BUILT_PRODUCTS_DIR}/PINRemoteImage/PINRemoteImage.framework",
				"${BUILT_PRODUCTS_DIR}/PMKVObserver/PMKVObserver.framework",
				"${BUILT_PRODUCTS_DIR}/PluggableApplicationDelegate/PluggableApplicationDelegate.framework",
				"${BUILT_PRODUCTS_DIR}/PromiseKit/PromiseKit.framework",
				"${BUILT_PRODUCTS_DIR}/ReachabilitySwift/ReachabilitySwift.framework",
				"${BUILT_PRODUCTS_DIR}/SwiftyUserDefaults/SwiftyUserDefaults.framework",
				"${BUILT_PRODUCTS_DIR}/Texture/AsyncDisplayKit.framework",
			);
			name = "[CP] Embed Pods Frameworks";
			outputPaths = (
				"${TARGET_BUILD_DIR}/${FRAMEWORKS_FOLDER_PATH}/Async.framework",
				"${TARGET_BUILD_DIR}/${FRAMEWORKS_FOLDER_PATH}/AttributedLib.framework",
				"${TARGET_BUILD_DIR}/${FRAMEWORKS_FOLDER_PATH}/Networking.framework",
				"${TARGET_BUILD_DIR}/${FRAMEWORKS_FOLDER_PATH}/PINCache.framework",
				"${TARGET_BUILD_DIR}/${FRAMEWORKS_FOLDER_PATH}/PINOperation.framework",
				"${TARGET_BUILD_DIR}/${FRAMEWORKS_FOLDER_PATH}/PINRemoteImage.framework",
				"${TARGET_BUILD_DIR}/${FRAMEWORKS_FOLDER_PATH}/PMKVObserver.framework",
				"${TARGET_BUILD_DIR}/${FRAMEWORKS_FOLDER_PATH}/PluggableApplicationDelegate.framework",
				"${TARGET_BUILD_DIR}/${FRAMEWORKS_FOLDER_PATH}/PromiseKit.framework",
				"${TARGET_BUILD_DIR}/${FRAMEWORKS_FOLDER_PATH}/ReachabilitySwift.framework",
				"${TARGET_BUILD_DIR}/${FRAMEWORKS_FOLDER_PATH}/SwiftyUserDefaults.framework",
				"${TARGET_BUILD_DIR}/${FRAMEWORKS_FOLDER_PATH}/AsyncDisplayKit.framework",
			);
			runOnlyForDeploymentPostprocessing = 0;
			shellPath = /bin/sh;
			shellScript = "\"${SRCROOT}/Pods/Target Support Files/Pods-Popcorn/Pods-Popcorn-frameworks.sh\"\n";
			showEnvVarsInLog = 0;
		};
/* End PBXShellScriptBuildPhase section */

/* Begin PBXSourcesBuildPhase section */
		9446DF92206CCDF3009CBE8C /* Sources */ = {
			isa = PBXSourcesBuildPhase;
			buildActionMask = 2147483647;
			files = (
				946AFC85206D1DFD00AE05B7 /* DomainURLs.swift in Sources */,
				946AFCA3206D6C9F00AE05B7 /* SearchMoviesInteractor.swift in Sources */,
				94BAC452206EBB0A00AD5303 /* UtilityExtensions.swift in Sources */,
				94BAC446206E52E600AD5303 /* MovieNode.swift in Sources */,
				946AFC83206CDD9800AE05B7 /* Codable+Utils.swift in Sources */,
				9446DF9A206CCDF3009CBE8C /* AppDelegate.swift in Sources */,
				946AFCA0206D6C9F00AE05B7 /* SearchMoviesRouter.swift in Sources */,
				946AFC80206CDD2B00AE05B7 /* Movie.swift in Sources */,
				9490535B206ECE990003E216 /* PageMovies.swift in Sources */,
				946AFCA1206D6C9F00AE05B7 /* SearchMoviesModels.swift in Sources */,
				94BAC450206E69E700AD5303 /* PosterNode.swift in Sources */,
				946AFC88206D1F2800AE05B7 /* Constants.swift in Sources */,
				946AFC8F206D235300AE05B7 /* PopcornApi.swift in Sources */,
				94BAC44A206E62E600AD5303 /* HANetworkImageNode.swift in Sources */,
				94BAC44D206E681000AD5303 /* ColorPalette.swift in Sources */,
				946AFC8D206D22EF00AE05B7 /* Networking+Extensions.swift in Sources */,
				94DF9994206F806800611294 /* UIImage+Extensions.swift in Sources */,
				9490535D206ED3040003E216 /* ASDisplayNode+Extensions.swift in Sources */,
				9490536E206F60F20003E216 /* UIView+FrameHelper.swift in Sources */,
				946AFC9E206D6C9F00AE05B7 /* SearchMoviesPresenter.swift in Sources */,
				9490535F206ED9BD0003E216 /* LoadingCell.swift in Sources */,
				946AFCA2206D6C9F00AE05B7 /* SearchMoviesViewController.swift in Sources */,
				946AFC9F206D6C9F00AE05B7 /* SearchMoviesWorker.swift in Sources */,
			);
			runOnlyForDeploymentPostprocessing = 0;
		};
		9446DFA6206CCDF3009CBE8C /* Sources */ = {
			isa = PBXSourcesBuildPhase;
			buildActionMask = 2147483647;
			files = (
				9446DFAF206CCDF3009CBE8C /* PopcornTests.swift in Sources */,
			);
			runOnlyForDeploymentPostprocessing = 0;
		};
/* End PBXSourcesBuildPhase section */

/* Begin PBXTargetDependency section */
		9446DFAC206CCDF3009CBE8C /* PBXTargetDependency */ = {
			isa = PBXTargetDependency;
			target = 9446DF95206CCDF3009CBE8C /* Popcorn */;
			targetProxy = 9446DFAB206CCDF3009CBE8C /* PBXContainerItemProxy */;
		};
/* End PBXTargetDependency section */

/* Begin XCBuildConfiguration section */
		9446DFB1206CCDF3009CBE8C /* Debug */ = {
			isa = XCBuildConfiguration;
			buildSettings = {
				ALWAYS_SEARCH_USER_PATHS = NO;
				CLANG_ANALYZER_NONNULL = YES;
				CLANG_ANALYZER_NUMBER_OBJECT_CONVERSION = YES_AGGRESSIVE;
				CLANG_CXX_LANGUAGE_STANDARD = "gnu++14";
				CLANG_CXX_LIBRARY = "libc++";
				CLANG_ENABLE_MODULES = YES;
				CLANG_ENABLE_OBJC_ARC = YES;
				CLANG_WARN_BLOCK_CAPTURE_AUTORELEASING = YES;
				CLANG_WARN_BOOL_CONVERSION = YES;
				CLANG_WARN_COMMA = YES;
				CLANG_WARN_CONSTANT_CONVERSION = YES;
				CLANG_WARN_DIRECT_OBJC_ISA_USAGE = YES_ERROR;
				CLANG_WARN_DOCUMENTATION_COMMENTS = YES;
				CLANG_WARN_EMPTY_BODY = YES;
				CLANG_WARN_ENUM_CONVERSION = YES;
				CLANG_WARN_INFINITE_RECURSION = YES;
				CLANG_WARN_INT_CONVERSION = YES;
				CLANG_WARN_NON_LITERAL_NULL_CONVERSION = YES;
				CLANG_WARN_OBJC_LITERAL_CONVERSION = YES;
				CLANG_WARN_OBJC_ROOT_CLASS = YES_ERROR;
				CLANG_WARN_RANGE_LOOP_ANALYSIS = YES;
				CLANG_WARN_STRICT_PROTOTYPES = YES;
				CLANG_WARN_SUSPICIOUS_MOVE = YES;
				CLANG_WARN_UNGUARDED_AVAILABILITY = YES_AGGRESSIVE;
				CLANG_WARN_UNREACHABLE_CODE = YES;
				CLANG_WARN__DUPLICATE_METHOD_MATCH = YES;
				CODE_SIGN_IDENTITY = "iPhone Developer";
				COPY_PHASE_STRIP = NO;
				DEBUG_INFORMATION_FORMAT = dwarf;
				ENABLE_STRICT_OBJC_MSGSEND = YES;
				ENABLE_TESTABILITY = YES;
				GCC_C_LANGUAGE_STANDARD = gnu11;
				GCC_DYNAMIC_NO_PIC = NO;
				GCC_NO_COMMON_BLOCKS = YES;
				GCC_OPTIMIZATION_LEVEL = 0;
				GCC_PREPROCESSOR_DEFINITIONS = (
					"DEBUG=1",
					"$(inherited)",
				);
				GCC_WARN_64_TO_32_BIT_CONVERSION = YES;
				GCC_WARN_ABOUT_RETURN_TYPE = YES_ERROR;
				GCC_WARN_UNDECLARED_SELECTOR = YES;
				GCC_WARN_UNINITIALIZED_AUTOS = YES_AGGRESSIVE;
				GCC_WARN_UNUSED_FUNCTION = YES;
				GCC_WARN_UNUSED_VARIABLE = YES;
				IPHONEOS_DEPLOYMENT_TARGET = 11.2;
				MTL_ENABLE_DEBUG_INFO = YES;
				ONLY_ACTIVE_ARCH = YES;
				SDKROOT = iphoneos;
				SWIFT_ACTIVE_COMPILATION_CONDITIONS = DEBUG;
				SWIFT_OPTIMIZATION_LEVEL = "-Onone";
			};
			name = Debug;
		};
		9446DFB2206CCDF3009CBE8C /* Release */ = {
			isa = XCBuildConfiguration;
			buildSettings = {
				ALWAYS_SEARCH_USER_PATHS = NO;
				CLANG_ANALYZER_NONNULL = YES;
				CLANG_ANALYZER_NUMBER_OBJECT_CONVERSION = YES_AGGRESSIVE;
				CLANG_CXX_LANGUAGE_STANDARD = "gnu++14";
				CLANG_CXX_LIBRARY = "libc++";
				CLANG_ENABLE_MODULES = YES;
				CLANG_ENABLE_OBJC_ARC = YES;
				CLANG_WARN_BLOCK_CAPTURE_AUTORELEASING = YES;
				CLANG_WARN_BOOL_CONVERSION = YES;
				CLANG_WARN_COMMA = YES;
				CLANG_WARN_CONSTANT_CONVERSION = YES;
				CLANG_WARN_DIRECT_OBJC_ISA_USAGE = YES_ERROR;
				CLANG_WARN_DOCUMENTATION_COMMENTS = YES;
				CLANG_WARN_EMPTY_BODY = YES;
				CLANG_WARN_ENUM_CONVERSION = YES;
				CLANG_WARN_INFINITE_RECURSION = YES;
				CLANG_WARN_INT_CONVERSION = YES;
				CLANG_WARN_NON_LITERAL_NULL_CONVERSION = YES;
				CLANG_WARN_OBJC_LITERAL_CONVERSION = YES;
				CLANG_WARN_OBJC_ROOT_CLASS = YES_ERROR;
				CLANG_WARN_RANGE_LOOP_ANALYSIS = YES;
				CLANG_WARN_STRICT_PROTOTYPES = YES;
				CLANG_WARN_SUSPICIOUS_MOVE = YES;
				CLANG_WARN_UNGUARDED_AVAILABILITY = YES_AGGRESSIVE;
				CLANG_WARN_UNREACHABLE_CODE = YES;
				CLANG_WARN__DUPLICATE_METHOD_MATCH = YES;
				CODE_SIGN_IDENTITY = "iPhone Developer";
				COPY_PHASE_STRIP = NO;
				DEBUG_INFORMATION_FORMAT = "dwarf-with-dsym";
				ENABLE_NS_ASSERTIONS = NO;
				ENABLE_STRICT_OBJC_MSGSEND = YES;
				GCC_C_LANGUAGE_STANDARD = gnu11;
				GCC_NO_COMMON_BLOCKS = YES;
				GCC_WARN_64_TO_32_BIT_CONVERSION = YES;
				GCC_WARN_ABOUT_RETURN_TYPE = YES_ERROR;
				GCC_WARN_UNDECLARED_SELECTOR = YES;
				GCC_WARN_UNINITIALIZED_AUTOS = YES_AGGRESSIVE;
				GCC_WARN_UNUSED_FUNCTION = YES;
				GCC_WARN_UNUSED_VARIABLE = YES;
				IPHONEOS_DEPLOYMENT_TARGET = 11.2;
				MTL_ENABLE_DEBUG_INFO = NO;
				SDKROOT = iphoneos;
				SWIFT_OPTIMIZATION_LEVEL = "-Owholemodule";
				VALIDATE_PRODUCT = YES;
			};
			name = Release;
		};
		9446DFB4206CCDF3009CBE8C /* Debug */ = {
			isa = XCBuildConfiguration;
			baseConfigurationReference = 79F3E1FDF29369A65D800DD2 /* Pods-Popcorn.debug.xcconfig */;
			buildSettings = {
				ASSETCATALOG_COMPILER_APPICON_NAME = AppIcon;
				CODE_SIGN_STYLE = Automatic;
				DEVELOPMENT_TEAM = 376D2TW5A5;
				INFOPLIST_FILE = "$(SRCROOT)/Popcorn/Specs/Info.plist";
				IPHONEOS_DEPLOYMENT_TARGET = 11.0;
				LD_RUNPATH_SEARCH_PATHS = "$(inherited) @executable_path/Frameworks";
				PRODUCT_BUNDLE_IDENTIFIER = com.aboonajmi.Popcorn;
				PRODUCT_NAME = "$(TARGET_NAME)";
				SWIFT_VERSION = 4.0;
				TARGETED_DEVICE_FAMILY = "1,2";
			};
			name = Debug;
		};
		9446DFB5206CCDF3009CBE8C /* Release */ = {
			isa = XCBuildConfiguration;
			baseConfigurationReference = F379C4B241833C8705BEFB98 /* Pods-Popcorn.release.xcconfig */;
			buildSettings = {
				ASSETCATALOG_COMPILER_APPICON_NAME = AppIcon;
				CODE_SIGN_STYLE = Automatic;
				DEVELOPMENT_TEAM = 376D2TW5A5;
				INFOPLIST_FILE = "$(SRCROOT)/Popcorn/Specs/Info.plist";
				IPHONEOS_DEPLOYMENT_TARGET = 11.0;
				LD_RUNPATH_SEARCH_PATHS = "$(inherited) @executable_path/Frameworks";
				PRODUCT_BUNDLE_IDENTIFIER = com.aboonajmi.Popcorn;
				PRODUCT_NAME = "$(TARGET_NAME)";
				SWIFT_VERSION = 4.0;
				TARGETED_DEVICE_FAMILY = "1,2";
			};
			name = Release;
		};
		9446DFB7206CCDF3009CBE8C /* Debug */ = {
			isa = XCBuildConfiguration;
			buildSettings = {
				ALWAYS_EMBED_SWIFT_STANDARD_LIBRARIES = YES;
				BUNDLE_LOADER = "$(TEST_HOST)";
				CODE_SIGN_STYLE = Automatic;
				DEVELOPMENT_TEAM = 376D2TW5A5;
				INFOPLIST_FILE = PopcornTests/Info.plist;
				LD_RUNPATH_SEARCH_PATHS = "$(inherited) @executable_path/Frameworks @loader_path/Frameworks";
				PRODUCT_BUNDLE_IDENTIFIER = com.aboonajmi.PopcornTests;
				PRODUCT_NAME = "$(TARGET_NAME)";
				SWIFT_VERSION = 4.0;
				TARGETED_DEVICE_FAMILY = "1,2";
				TEST_HOST = "$(BUILT_PRODUCTS_DIR)/Popcorn.app/Popcorn";
			};
			name = Debug;
		};
		9446DFB8206CCDF3009CBE8C /* Release */ = {
			isa = XCBuildConfiguration;
			buildSettings = {
				ALWAYS_EMBED_SWIFT_STANDARD_LIBRARIES = YES;
				BUNDLE_LOADER = "$(TEST_HOST)";
				CODE_SIGN_STYLE = Automatic;
				DEVELOPMENT_TEAM = 376D2TW5A5;
				INFOPLIST_FILE = PopcornTests/Info.plist;
				LD_RUNPATH_SEARCH_PATHS = "$(inherited) @executable_path/Frameworks @loader_path/Frameworks";
				PRODUCT_BUNDLE_IDENTIFIER = com.aboonajmi.PopcornTests;
				PRODUCT_NAME = "$(TARGET_NAME)";
				SWIFT_VERSION = 4.0;
				TARGETED_DEVICE_FAMILY = "1,2";
				TEST_HOST = "$(BUILT_PRODUCTS_DIR)/Popcorn.app/Popcorn";
			};
			name = Release;
		};
/* End XCBuildConfiguration section */

/* Begin XCConfigurationList section */
		9446DF91206CCDF3009CBE8C /* Build configuration list for PBXProject "Popcorn" */ = {
			isa = XCConfigurationList;
			buildConfigurations = (
				9446DFB1206CCDF3009CBE8C /* Debug */,
				9446DFB2206CCDF3009CBE8C /* Release */,
			);
			defaultConfigurationIsVisible = 0;
			defaultConfigurationName = Release;
		};
		9446DFB3206CCDF3009CBE8C /* Build configuration list for PBXNativeTarget "Popcorn" */ = {
			isa = XCConfigurationList;
			buildConfigurations = (
				9446DFB4206CCDF3009CBE8C /* Debug */,
				9446DFB5206CCDF3009CBE8C /* Release */,
			);
			defaultConfigurationIsVisible = 0;
			defaultConfigurationName = Release;
		};
		9446DFB6206CCDF3009CBE8C /* Build configuration list for PBXNativeTarget "PopcornTests" */ = {
			isa = XCConfigurationList;
			buildConfigurations = (
				9446DFB7206CCDF3009CBE8C /* Debug */,
				9446DFB8206CCDF3009CBE8C /* Release */,
			);
			defaultConfigurationIsVisible = 0;
			defaultConfigurationName = Release;
		};
/* End XCConfigurationList section */
	};
	rootObject = 9446DF8E206CCDF3009CBE8C /* Project object */;
}
