PODS:
  - AsyncSwift (2.0.4)
  - AttributedLib (2.0.2)
  - Networking (4.2.0)
  - PINCache (3.0.1-beta.6):
    - PINCache/Arc-exception-safe (= 3.0.1-beta.6)
    - PINCache/Core (= 3.0.1-beta.6)
  - PINCache/Arc-exception-safe (3.0.1-beta.6):
    - PINCache/Core
  - PINCache/Core (3.0.1-beta.6):
    - PINOperation (~> 1.1.0)
  - PINOperation (1.1)
  - PINRemoteImage/Core (3.0.0-beta.13):
    - PINOperation
  - PINRemoteImage/iOS (3.0.0-beta.13):
    - PINRemoteImage/Core
  - PINRemoteImage/PINCache (3.0.0-beta.13):
    - PINCache (= 3.0.1-beta.6)
    - PINRemoteImage/Core
  - PromiseKit (4.5.2):
    - PromiseKit/Foundation (= 4.5.2)
    - PromiseKit/QuartzCore (= 4.5.2)
    - PromiseKit/UIKit (= 4.5.2)
  - PromiseKit/CorePromise (4.5.2)
  - PromiseKit/Foundation (4.5.2):
    - PromiseKit/CorePromise
  - PromiseKit/QuartzCore (4.5.2):
    - PromiseKit/CorePromise
  - PromiseKit/UIKit (4.5.2):
    - PromiseKit/CorePromise
  - SwiftyUserDefaults (3.0.1)
  - Texture (2.6):
    - Texture/PINRemoteImage (= 2.6)
  - Texture/Core (2.6)
  - Texture/PINRemoteImage (2.6):
    - PINRemoteImage/iOS (= 3.0.0-beta.13)
    - PINRemoteImage/PINCache
    - Texture/Core

DEPENDENCIES:
  - AsyncSwift
  - AttributedLib
  - Networking (from `https://github.com/3lvis/Networking.git`)
  - PromiseKit (~> 4.4)
  - SwiftyUserDefaults
  - Texture

EXTERNAL SOURCES:
  Networking:
    :git: https://github.com/3lvis/Networking.git

CHECKOUT OPTIONS:
  Networking:
    :commit: d1b2f704c9632765f8bdc4647b4d21ec1aaee67e
    :git: https://github.com/3lvis/Networking.git

SPEC CHECKSUMS:
  AsyncSwift: 65775a7b32e740609b24969ece3de58723b9dc3e
  AttributedLib: 655a8a321043410ee616e2f64a0db62e17743127
  Networking: df6df7dbd660a2ba4fa7a1981a2c0d2b4ec315e2
  PINCache: d195fdba255283f7e9900a55e3cced377f431f9b
  PINOperation: 7f042fa6df5b606deb4bd5997654cf7033d5be1d
  PINRemoteImage: d6d51c5d2adda55f1ce30c96e850b6c4ebd2856a
  PromiseKit: 743e497a5f505a470d3bbbf4ce0663c1268af0a4
  SwiftyUserDefaults: 3d273b1739b68ada3145dc754a70ec775bc5c8be
  Texture: 7249074582daf75e524e59df5428b66b8e8db0e4

PODFILE CHECKSUM: 031e153839e301fc60cc35f15d1f8af7affc58b0

COCOAPODS: 1.4.0
